# This file is autogenerated, do not edit; changes may be undone by the next 'dep ensure'.


[[projects]]
  name = "github.com/aws/aws-lambda-go"
  packages = [
    "lambda",
    "lambda/messages",
    "lambdacontext"
  ]
  revision = "fafa7e49388b8991caf99308e80655ba91816b72"
  version = "v1.1.0"

[[projects]]
  branch = "master"
  name = "github.com/djhworld/go-lambda-invoke"
  packages = ["golambdainvoke"]
  revision = "82733fd6d8fa6b328e406e3187c72341268826ee"

[[projects]]
  branch = "master"
  name = "github.com/google/go-querystring"
  packages = ["query"]
  revision = "53e6ce116135b80d037921a7fdd5138cf32d7a8a"

[[projects]]
  name = "github.com/larsha/bolaget.io-sdk-go"
  packages = ["."]
  revision = "0aaf7a30084188ff549488584289fd11d1328a65"
  version = "1.0.0"

[solve-meta]
  analyzer-name = "dep"
  analyzer-version = 1
  inputs-digest = "1fb4d76e0bd6e9380866bcfec42d6b45fa41fcc6014d94e79341a72e54da342c"
  solver-name = "gps-cdcl"
  solver-version = 1
